
Microsoft Visual Studio Solution File, Format Version 12.00
# Visual Studio Version 16
VisualStudioVersion = 16.0.31129.286
MinimumVisualStudioVersion = 10.0.40219.1
Project("{FAE04EC0-301F-11D3-BF4B-00C04F79EFBC}") = "ShipToShoreCam", "ShipToShoreCam\ShipToShoreCam.csproj", "{9F49C3EF-AD2A-4DC8-83B4-F12AC9DE8A82}"
EndProject
Global
	GlobalSection(SolutionConfigurationPlatforms) = preSolution
		Debug|Any CPU = Debug|Any CPU
		Release|Any CPU = Release|Any CPU
	EndGlobalSection
	GlobalSection(ProjectConfigurationPlatforms) = postSolution
		{9F49C3EF-AD2A-4DC8-83B4-F12AC9DE8A82}.Debug|Any CPU.ActiveCfg = Debug|Any CPU
		{9F49C3EF-AD2A-4DC8-83B4-F12AC9DE8A82}.Debug|Any CPU.Build.0 = Debug|Any CPU
		{9F49C3EF-AD2A-4DC8-83B4-F12AC9DE8A82}.Release|Any CPU.ActiveCfg = Release|Any CPU
		{9F49C3EF-AD2A-4DC8-83B4-F12AC9DE8A82}.Release|Any CPU.Build.0 = Release|Any CPU
	EndGlobalSection
	GlobalSection(SolutionProperties) = preSolution
		HideSolutionNode = FALSE
	EndGlobalSection
	GlobalSection(ExtensibilityGlobals) = postSolution
		SolutionGuid = {2AFF9FAA-143D-4C3E-BD96-580F1C4F344F}
	EndGlobalSection
EndGlobal
